{
  "name": "wideout",
  "version": "0.1.0",
  "dependencies": {
    "async": {
      "version": "1.5.0",
      "from": "async@",
      "resolved": "https://registry.npmjs.org/async/-/async-1.5.0.tgz"
    },
    "gift": {
      "version": "0.7.0",
      "from": "gift@",
      "resolved": "https://registry.npmjs.org/gift/-/gift-0.7.0.tgz",
      "dependencies": {
        "underscore": {
          "version": "1.8.3",
          "from": "underscore@1.x.x",
          "resolved": "https://registry.npmjs.org/underscore/-/underscore-1.8.3.tgz"
        }
      }
    },
    "git-http-backend": {
      "version": "0.1.5",
      "from": "git-http-backend@",
      "resolved": "https://registry.npmjs.org/git-http-backend/-/git-http-backend-0.1.5.tgz",
      "dependencies": {
        "git-side-band-message": {
          "version": "0.0.3",
          "from": "git-side-band-message@~0.0.3",
          "resolved": "https://registry.npmjs.org/git-side-band-message/-/git-side-band-message-0.0.3.tgz"
        },
        "inherits": {
          "version": "2.0.1",
          "from": "inherits@~2.0.1",
          "resolved": "https://registry.npmjs.org/inherits/-/inherits-2.0.1.tgz"
        }
      }
    },
    "lodash": {
      "version": "3.10.1",
      "from": "lodash@",
      "resolved": "https://registry.npmjs.org/lodash/-/lodash-3.10.1.tgz"
    }
  }
}
